
Microsoft Visual Studio Solution File, Format Version 12.00
# Visual Studio Version 17
VisualStudioVersion = 17.1.32421.90
MinimumVisualStudioVersion = 10.0.40219.1
Project("{FAE04EC0-301F-11D3-BF4B-00C04F79EFBC}") = "OOP2-IDZ", "OOP2-IDZ\OOP2-IDZ.csproj", "{1205890B-623C-4FCF-92A9-673DBFE9BB7D}"
EndProject
Global
	GlobalSection(SolutionConfigurationPlatforms) = preSolution
		Debug|Any CPU = Debug|Any CPU
		Release|Any CPU = Release|Any CPU
	EndGlobalSection
	GlobalSection(ProjectConfigurationPlatforms) = postSolution
		{1205890B-623C-4FCF-92A9-673DBFE9BB7D}.Debug|Any CPU.ActiveCfg = Debug|Any CPU
		{1205890B-623C-4FCF-92A9-673DBFE9BB7D}.Debug|Any CPU.Build.0 = Debug|Any CPU
		{1205890B-623C-4FCF-92A9-673DBFE9BB7D}.Release|Any CPU.ActiveCfg = Release|Any CPU
		{1205890B-623C-4FCF-92A9-673DBFE9BB7D}.Release|Any CPU.Build.0 = Release|Any CPU
	EndGlobalSection
	GlobalSection(SolutionProperties) = preSolution
		HideSolutionNode = FALSE
	EndGlobalSection
	GlobalSection(ExtensibilityGlobals) = postSolution
		SolutionGuid = {0F1D5245-B0F9-44E7-A82F-6D2036287590}
	EndGlobalSection
EndGlobal
